
Microsoft Visual Studio Solution File, Format Version 12.00
# Visual Studio Version 17
VisualStudioVersion = 17.11.35303.130
MinimumVisualStudioVersion = 10.0.40219.1
Project("{FAE04EC0-301F-11D3-BF4B-00C04F79EFBC}") = "C#_Programs", "C#_Programs\C#_Programs.csproj", "{DCE16BE0-68AE-4172-9C43-09172B09E075}"
EndProject
Project("{FAE04EC0-301F-11D3-BF4B-00C04F79EFBC}") = "Conditional&Loops", "Conditional&Loops\Conditional&Loops.csproj", "{2B0A12A0-5709-4ED6-94B3-EB9A3AE96830}"
EndProject
Global
	GlobalSection(SolutionConfigurationPlatforms) = preSolution
		Debug|Any CPU = Debug|Any CPU
		Release|Any CPU = Release|Any CPU
	EndGlobalSection
	GlobalSection(ProjectConfigurationPlatforms) = postSolution
		{DCE16BE0-68AE-4172-9C43-09172B09E075}.Debug|Any CPU.ActiveCfg = Debug|Any CPU
		{DCE16BE0-68AE-4172-9C43-09172B09E075}.Debug|Any CPU.Build.0 = Debug|Any CPU
		{DCE16BE0-68AE-4172-9C43-09172B09E075}.Release|Any CPU.ActiveCfg = Release|Any CPU
		{DCE16BE0-68AE-4172-9C43-09172B09E075}.Release|Any CPU.Build.0 = Release|Any CPU
		{2B0A12A0-5709-4ED6-94B3-EB9A3AE96830}.Debug|Any CPU.ActiveCfg = Debug|Any CPU
		{2B0A12A0-5709-4ED6-94B3-EB9A3AE96830}.Debug|Any CPU.Build.0 = Debug|Any CPU
		{2B0A12A0-5709-4ED6-94B3-EB9A3AE96830}.Release|Any CPU.ActiveCfg = Release|Any CPU
		{2B0A12A0-5709-4ED6-94B3-EB9A3AE96830}.Release|Any CPU.Build.0 = Release|Any CPU
	EndGlobalSection
	GlobalSection(SolutionProperties) = preSolution
		HideSolutionNode = FALSE
	EndGlobalSection
	GlobalSection(ExtensibilityGlobals) = postSolution
		SolutionGuid = {0C7C3F68-5F15-4C5A-BEF5-7EE1F088C9E6}
	EndGlobalSection
EndGlobal
