
Microsoft Visual Studio Solution File, Format Version 12.00
# Visual Studio Version 17
VisualStudioVersion = 17.11.35303.130
MinimumVisualStudioVersion = 10.0.40219.1
Project("{9A19103F-16F7-4668-BE54-9A1E7A4F7556}") = "Access_Modifier", "C#_Programs\Access_Modifier.csproj", "{DCE16BE0-68AE-4172-9C43-09172B09E075}"
EndProject
Project("{9A19103F-16F7-4668-BE54-9A1E7A4F7556}") = "Conditional&Loops", "Conditional&Loops\Conditional&Loops.csproj", "{2B0A12A0-5709-4ED6-94B3-EB9A3AE96830}"
EndProject
Project("{9A19103F-16F7-4668-BE54-9A1E7A4F7556}") = "Practice_Problems1", "Practice_Problems1\Practice_Problems1.csproj", "{752E8FBA-4F5B-4540-9E40-9AA068F5E8E1}"
EndProject
Project("{9A19103F-16F7-4668-BE54-9A1E7A4F7556}") = "Arrays", "Array\Arrays.csproj", "{2ABC4B52-16D3-4A6D-A517-AC9D7F226445}"
EndProject
Project("{9A19103F-16F7-4668-BE54-9A1E7A4F7556}") = "Strings", "Strings\Strings.csproj", "{A5E4EE28-1F76-431C-ADA7-57F1A53FD6EF}"
EndProject
Project("{9A19103F-16F7-4668-BE54-9A1E7A4F7556}") = "LinKedList", "LinKedList\LinKedList.csproj", "{39553846-6668-4D30-9E99-C0C30998A80E}"
EndProject
Project("{9A19103F-16F7-4668-BE54-9A1E7A4F7556}") = "Stack_Queue", "Stack_Queue\Stack_Queue.csproj", "{97B92D85-A68C-4B94-94CE-97CA69BD1F02}"
EndProject
Project("{9A19103F-16F7-4668-BE54-9A1E7A4F7556}") = "Generic_Class", "Generic_Class\Generic_Class.csproj", "{2BACEF58-AD5A-46A2-804B-A409569C8BBE}"
EndProject
Project("{9A19103F-16F7-4668-BE54-9A1E7A4F7556}") = "Sorting", "Sorting\Sorting.csproj", "{8814082E-39A5-417B-BC64-DCD9B9AFAF1C}"
EndProject
Project("{9A19103F-16F7-4668-BE54-9A1E7A4F7556}") = "OOPS", "OOPS\OOPS.csproj", "{CD86D70A-0F2D-48D8-8DD6-71202B26D03C}"
EndProject
Project("{9A19103F-16F7-4668-BE54-9A1E7A4F7556}") = "Game", "Game\Game.csproj", "{08E143B9-EAB2-430D-9626-3EC43843522A}"
EndProject
Project("{FAE04EC0-301F-11D3-BF4B-00C04F79EFBC}") = "Exceptions", "Exceptions\Exceptions.csproj", "{39C97B21-6B6B-47E2-B9E1-5F0A150E08E5}"
EndProject
Global
	GlobalSection(SolutionConfigurationPlatforms) = preSolution
		Debug|Any CPU = Debug|Any CPU
		Release|Any CPU = Release|Any CPU
	EndGlobalSection
	GlobalSection(ProjectConfigurationPlatforms) = postSolution
		{DCE16BE0-68AE-4172-9C43-09172B09E075}.Debug|Any CPU.ActiveCfg = Debug|Any CPU
		{DCE16BE0-68AE-4172-9C43-09172B09E075}.Debug|Any CPU.Build.0 = Debug|Any CPU
		{DCE16BE0-68AE-4172-9C43-09172B09E075}.Release|Any CPU.ActiveCfg = Release|Any CPU
		{DCE16BE0-68AE-4172-9C43-09172B09E075}.Release|Any CPU.Build.0 = Release|Any CPU
		{2B0A12A0-5709-4ED6-94B3-EB9A3AE96830}.Debug|Any CPU.ActiveCfg = Debug|Any CPU
		{2B0A12A0-5709-4ED6-94B3-EB9A3AE96830}.Debug|Any CPU.Build.0 = Debug|Any CPU
		{2B0A12A0-5709-4ED6-94B3-EB9A3AE96830}.Release|Any CPU.ActiveCfg = Release|Any CPU
		{2B0A12A0-5709-4ED6-94B3-EB9A3AE96830}.Release|Any CPU.Build.0 = Release|Any CPU
		{752E8FBA-4F5B-4540-9E40-9AA068F5E8E1}.Debug|Any CPU.ActiveCfg = Debug|Any CPU
		{752E8FBA-4F5B-4540-9E40-9AA068F5E8E1}.Debug|Any CPU.Build.0 = Debug|Any CPU
		{752E8FBA-4F5B-4540-9E40-9AA068F5E8E1}.Release|Any CPU.ActiveCfg = Release|Any CPU
		{752E8FBA-4F5B-4540-9E40-9AA068F5E8E1}.Release|Any CPU.Build.0 = Release|Any CPU
		{2ABC4B52-16D3-4A6D-A517-AC9D7F226445}.Debug|Any CPU.ActiveCfg = Debug|Any CPU
		{2ABC4B52-16D3-4A6D-A517-AC9D7F226445}.Debug|Any CPU.Build.0 = Debug|Any CPU
		{2ABC4B52-16D3-4A6D-A517-AC9D7F226445}.Release|Any CPU.ActiveCfg = Release|Any CPU
		{2ABC4B52-16D3-4A6D-A517-AC9D7F226445}.Release|Any CPU.Build.0 = Release|Any CPU
		{A5E4EE28-1F76-431C-ADA7-57F1A53FD6EF}.Debug|Any CPU.ActiveCfg = Debug|Any CPU
		{A5E4EE28-1F76-431C-ADA7-57F1A53FD6EF}.Debug|Any CPU.Build.0 = Debug|Any CPU
		{A5E4EE28-1F76-431C-ADA7-57F1A53FD6EF}.Release|Any CPU.ActiveCfg = Release|Any CPU
		{A5E4EE28-1F76-431C-ADA7-57F1A53FD6EF}.Release|Any CPU.Build.0 = Release|Any CPU
		{39553846-6668-4D30-9E99-C0C30998A80E}.Debug|Any CPU.ActiveCfg = Debug|Any CPU
		{39553846-6668-4D30-9E99-C0C30998A80E}.Debug|Any CPU.Build.0 = Debug|Any CPU
		{39553846-6668-4D30-9E99-C0C30998A80E}.Release|Any CPU.ActiveCfg = Release|Any CPU
		{39553846-6668-4D30-9E99-C0C30998A80E}.Release|Any CPU.Build.0 = Release|Any CPU
		{97B92D85-A68C-4B94-94CE-97CA69BD1F02}.Debug|Any CPU.ActiveCfg = Debug|Any CPU
		{97B92D85-A68C-4B94-94CE-97CA69BD1F02}.Debug|Any CPU.Build.0 = Debug|Any CPU
		{97B92D85-A68C-4B94-94CE-97CA69BD1F02}.Release|Any CPU.ActiveCfg = Release|Any CPU
		{97B92D85-A68C-4B94-94CE-97CA69BD1F02}.Release|Any CPU.Build.0 = Release|Any CPU
		{2BACEF58-AD5A-46A2-804B-A409569C8BBE}.Debug|Any CPU.ActiveCfg = Debug|Any CPU
		{2BACEF58-AD5A-46A2-804B-A409569C8BBE}.Debug|Any CPU.Build.0 = Debug|Any CPU
		{2BACEF58-AD5A-46A2-804B-A409569C8BBE}.Release|Any CPU.ActiveCfg = Release|Any CPU
		{2BACEF58-AD5A-46A2-804B-A409569C8BBE}.Release|Any CPU.Build.0 = Release|Any CPU
		{8814082E-39A5-417B-BC64-DCD9B9AFAF1C}.Debug|Any CPU.ActiveCfg = Debug|Any CPU
		{8814082E-39A5-417B-BC64-DCD9B9AFAF1C}.Debug|Any CPU.Build.0 = Debug|Any CPU
		{8814082E-39A5-417B-BC64-DCD9B9AFAF1C}.Release|Any CPU.ActiveCfg = Release|Any CPU
		{8814082E-39A5-417B-BC64-DCD9B9AFAF1C}.Release|Any CPU.Build.0 = Release|Any CPU
		{CD86D70A-0F2D-48D8-8DD6-71202B26D03C}.Debug|Any CPU.ActiveCfg = Debug|Any CPU
		{CD86D70A-0F2D-48D8-8DD6-71202B26D03C}.Debug|Any CPU.Build.0 = Debug|Any CPU
		{CD86D70A-0F2D-48D8-8DD6-71202B26D03C}.Release|Any CPU.ActiveCfg = Release|Any CPU
		{CD86D70A-0F2D-48D8-8DD6-71202B26D03C}.Release|Any CPU.Build.0 = Release|Any CPU
		{08E143B9-EAB2-430D-9626-3EC43843522A}.Debug|Any CPU.ActiveCfg = Debug|Any CPU
		{08E143B9-EAB2-430D-9626-3EC43843522A}.Debug|Any CPU.Build.0 = Debug|Any CPU
		{08E143B9-EAB2-430D-9626-3EC43843522A}.Release|Any CPU.ActiveCfg = Release|Any CPU
		{08E143B9-EAB2-430D-9626-3EC43843522A}.Release|Any CPU.Build.0 = Release|Any CPU
		{39C97B21-6B6B-47E2-B9E1-5F0A150E08E5}.Debug|Any CPU.ActiveCfg = Debug|Any CPU
		{39C97B21-6B6B-47E2-B9E1-5F0A150E08E5}.Debug|Any CPU.Build.0 = Debug|Any CPU
		{39C97B21-6B6B-47E2-B9E1-5F0A150E08E5}.Release|Any CPU.ActiveCfg = Release|Any CPU
		{39C97B21-6B6B-47E2-B9E1-5F0A150E08E5}.Release|Any CPU.Build.0 = Release|Any CPU
	EndGlobalSection
	GlobalSection(SolutionProperties) = preSolution
		HideSolutionNode = FALSE
	EndGlobalSection
	GlobalSection(ExtensibilityGlobals) = postSolution
		SolutionGuid = {0C7C3F68-5F15-4C5A-BEF5-7EE1F088C9E6}
	EndGlobalSection
EndGlobal
